
Microsoft Visual Studio Solution File, Format Version 12.00
# Visual Studio Version 17
VisualStudioVersion = 17.12.35527.113 d17.12
MinimumVisualStudioVersion = 10.0.40219.1
Project("{8BC9CEB8-8B4A-11D0-8D11-00A0C91BC942}") = "MUltimate Assembler", "MUltimate Assembler.vcxproj", "{1356A7DE-2F61-48DB-91CE-7C27DBC3D9A9}"
EndProject
Global
	GlobalSection(SolutionConfigurationPlatforms) = preSolution
		Debug|Win32 = Debug|Win32
		Debug|x64 = Debug|x64
		Release_immdbg|Win32 = Release_immdbg|Win32
		Release_immdbg|x64 = Release_immdbg|x64
		Release_odbg_v2|Win32 = Release_odbg_v2|Win32
		Release_odbg_v2|x64 = Release_odbg_v2|x64
		Release_odbg|Win32 = Release_odbg|Win32
		Release_odbg|x64 = Release_odbg|x64
		Release_x64dbg|Win32 = Release_x64dbg|Win32
		Release_x64dbg|x64 = Release_x64dbg|x64
	EndGlobalSection
	GlobalSection(ProjectConfigurationPlatforms) = postSolution
		{1356A7DE-2F61-48DB-91CE-7C27DBC3D9A9}.Debug|Win32.ActiveCfg = Debug|Win32
		{1356A7DE-2F61-48DB-91CE-7C27DBC3D9A9}.Debug|Win32.Build.0 = Debug|Win32
		{1356A7DE-2F61-48DB-91CE-7C27DBC3D9A9}.Debug|x64.ActiveCfg = Debug|x64
		{1356A7DE-2F61-48DB-91CE-7C27DBC3D9A9}.Debug|x64.Build.0 = Debug|x64
		{1356A7DE-2F61-48DB-91CE-7C27DBC3D9A9}.Release_immdbg|Win32.ActiveCfg = Release_immdbg|Win32
		{1356A7DE-2F61-48DB-91CE-7C27DBC3D9A9}.Release_immdbg|Win32.Build.0 = Release_immdbg|Win32
		{1356A7DE-2F61-48DB-91CE-7C27DBC3D9A9}.Release_immdbg|x64.ActiveCfg = Release_immdbg|x64
		{1356A7DE-2F61-48DB-91CE-7C27DBC3D9A9}.Release_immdbg|x64.Build.0 = Release_immdbg|x64
		{1356A7DE-2F61-48DB-91CE-7C27DBC3D9A9}.Release_odbg_v2|Win32.ActiveCfg = Release_odbg_v2|Win32
		{1356A7DE-2F61-48DB-91CE-7C27DBC3D9A9}.Release_odbg_v2|Win32.Build.0 = Release_odbg_v2|Win32
		{1356A7DE-2F61-48DB-91CE-7C27DBC3D9A9}.Release_odbg_v2|x64.ActiveCfg = Release_odbg_v2|x64
		{1356A7DE-2F61-48DB-91CE-7C27DBC3D9A9}.Release_odbg_v2|x64.Build.0 = Release_odbg_v2|x64
		{1356A7DE-2F61-48DB-91CE-7C27DBC3D9A9}.Release_odbg|Win32.ActiveCfg = Release_odbg|Win32
		{1356A7DE-2F61-48DB-91CE-7C27DBC3D9A9}.Release_odbg|Win32.Build.0 = Release_odbg|Win32
		{1356A7DE-2F61-48DB-91CE-7C27DBC3D9A9}.Release_odbg|x64.ActiveCfg = Release_odbg|x64
		{1356A7DE-2F61-48DB-91CE-7C27DBC3D9A9}.Release_odbg|x64.Build.0 = Release_odbg|x64
		{1356A7DE-2F61-48DB-91CE-7C27DBC3D9A9}.Release_x64dbg|Win32.ActiveCfg = Release_x64dbg|Win32
		{1356A7DE-2F61-48DB-91CE-7C27DBC3D9A9}.Release_x64dbg|Win32.Build.0 = Release_x64dbg|Win32
		{1356A7DE-2F61-48DB-91CE-7C27DBC3D9A9}.Release_x64dbg|x64.ActiveCfg = Release_x64dbg|x64
		{1356A7DE-2F61-48DB-91CE-7C27DBC3D9A9}.Release_x64dbg|x64.Build.0 = Release_x64dbg|x64
	EndGlobalSection
	GlobalSection(SolutionProperties) = preSolution
		HideSolutionNode = FALSE
	EndGlobalSection
EndGlobal
