<?xml version="1.0" encoding="utf-8"?>
<Project ToolsVersion="4.0" xmlns="http://schemas.microsoft.com/developer/msbuild/2003">
  <ItemGroup>
    <Filter Include="Source Files">
      <UniqueIdentifier>{4FC737F1-C7A5-4376-A066-2A32D752A2FF}</UniqueIdentifier>
      <Extensions>cpp;c;cc;cxx;def;odl;idl;hpj;bat;asm;asmx</Extensions>
    </Filter>
    <Filter Include="Header Files">
      <UniqueIdentifier>{93995380-89BD-4b04-88EB-625FBE52EBFB}</UniqueIdentifier>
      <Extensions>h;hpp;hxx;hm;inl;inc;xsd</Extensions>
    </Filter>
    <Filter Include="Resource Files">
      <UniqueIdentifier>{67DA6AB6-F800-4c08-8B7A-83BB121AAD01}</UniqueIdentifier>
      <Extensions>rc;ico;cur;bmp;dlg;rc2;rct;bin;rgs;gif;jpg;jpeg;jpe;resx;tiff;tif;png;wav;mfcribbon-ms</Extensions>
    </Filter>
  </ItemGroup>
  <ItemGroup>
    <ClCompile Include="assembler_dlg.c">
      <Filter>Source Files</Filter>
    </ClCompile>
    <ClCompile Include="assembler_dlg_tabs.c">
      <Filter>Source Files</Filter>
    </ClCompile>
    <ClCompile Include="options_dlg.c">
      <Filter>Source Files</Filter>
    </ClCompile>
    <ClCompile Include="read_asm.c">
      <Filter>Source Files</Filter>
    </ClCompile>
    <ClCompile Include="write_asm.c">
      <Filter>Source Files</Filter>
    </ClCompile>
    <ClCompile Include="tabctrl_ex.c">
      <Filter>Source Files</Filter>
    </ClCompile>
    <ClCompile Include="pointer_redirection.c">
      <Filter>Source Files</Filter>
    </ClCompile>
    <ClCompile Include="functions.c">
      <Filter>Source Files</Filter>
    </ClCompile>
    <ClCompile Include="stdafx.c">
      <Filter>Source Files</Filter>
    </ClCompile>
    <ClCompile Include="plugin_odbg_v1.c">
      <Filter>Source Files</Filter>
    </ClCompile>
    <ClCompile Include="plugin_odbg_v2.c">
      <Filter>Source Files</Filter>
    </ClCompile>
    <ClCompile Include="main_odbg_v1.c">
      <Filter>Source Files</Filter>
    </ClCompile>
    <ClCompile Include="main_odbg_v2.c">
      <Filter>Source Files</Filter>
    </ClCompile>
    <ClCompile Include="main_common.c">
      <Filter>Source Files</Filter>
    </ClCompile>
    <ClCompile Include="main_x64dbg.c">
      <Filter>Source Files</Filter>
    </ClCompile>
    <ClCompile Include="plugin_x64dbg.c">
      <Filter>Source Files</Filter>
    </ClCompile>
  </ItemGroup>
  <ItemGroup>
    <ClInclude Include="assembler_dlg.h">
      <Filter>Header Files</Filter>
    </ClInclude>
    <ClInclude Include="assembler_dlg_tabs.h">
      <Filter>Header Files</Filter>
    </ClInclude>
    <ClInclude Include="options_def.h">
      <Filter>Header Files</Filter>
    </ClInclude>
    <ClInclude Include="options_dlg.h">
      <Filter>Header Files</Filter>
    </ClInclude>
    <ClInclude Include="plugin.h">
      <Filter>Header Files</Filter>
    </ClInclude>
    <ClInclude Include="raedit.h">
      <Filter>Header Files</Filter>
    </ClInclude>
    <ClInclude Include="read_asm.h">
      <Filter>Header Files</Filter>
    </ClInclude>
    <ClInclude Include="resource.h">
      <Filter>Header Files</Filter>
    </ClInclude>
    <ClInclude Include="write_asm.h">
      <Filter>Header Files</Filter>
    </ClInclude>
    <ClInclude Include="tabctrl_ex.h">
      <Filter>Header Files</Filter>
    </ClInclude>
    <ClInclude Include="plugin_immdbg.h">
      <Filter>Header Files</Filter>
    </ClInclude>
    <ClInclude Include="plugin_ollydbg.h">
      <Filter>Header Files</Filter>
    </ClInclude>
    <ClInclude Include="pointer_redirection.h">
      <Filter>Header Files</Filter>
    </ClInclude>
    <ClInclude Include="functions.h">
      <Filter>Header Files</Filter>
    </ClInclude>
    <ClInclude Include="stdafx.h">
      <Filter>Header Files</Filter>
    </ClInclude>
    <ClInclude Include="plugin_odbg_v1.h">
      <Filter>Header Files</Filter>
    </ClInclude>
    <ClInclude Include="plugin_odbg_v2.h">
      <Filter>Header Files</Filter>
    </ClInclude>
    <ClInclude Include="plugin_ollydbg2.h">
      <Filter>Header Files</Filter>
    </ClInclude>
    <ClInclude Include="main_common.h">
      <Filter>Header Files</Filter>
    </ClInclude>
    <ClInclude Include="x64dbg_pluginsdk\BeaEngine\basic_types.h">
      <Filter>Header Files</Filter>
    </ClInclude>
    <ClInclude Include="x64dbg_pluginsdk\BeaEngine\BeaEngine.h">
      <Filter>Header Files</Filter>
    </ClInclude>
    <ClInclude Include="x64dbg_pluginsdk\BeaEngine\export.h">
      <Filter>Header Files</Filter>
    </ClInclude>
    <ClInclude Include="x64dbg_pluginsdk\BeaEngine\macros.h">
      <Filter>Header Files</Filter>
    </ClInclude>
    <ClInclude Include="x64dbg_pluginsdk\bridgemain.h">
      <Filter>Header Files</Filter>
    </ClInclude>
    <ClInclude Include="x64dbg_pluginsdk\dbghelp\dbghelp.h">
      <Filter>Header Files</Filter>
    </ClInclude>
    <ClInclude Include="x64dbg_pluginsdk\DeviceNameResolver\DeviceNameResolver.h">
      <Filter>Header Files</Filter>
    </ClInclude>
    <ClInclude Include="x64dbg_pluginsdk\jansson\jansson.h">
      <Filter>Header Files</Filter>
    </ClInclude>
    <ClInclude Include="x64dbg_pluginsdk\jansson\jansson_config.h">
      <Filter>Header Files</Filter>
    </ClInclude>
    <ClInclude Include="x64dbg_pluginsdk\lz4\lz4.h">
      <Filter>Header Files</Filter>
    </ClInclude>
    <ClInclude Include="x64dbg_pluginsdk\lz4\lz4file.h">
      <Filter>Header Files</Filter>
    </ClInclude>
    <ClInclude Include="x64dbg_pluginsdk\lz4\lz4hc.h">
      <Filter>Header Files</Filter>
    </ClInclude>
    <ClInclude Include="x64dbg_pluginsdk\TitanEngine\TitanEngine.h">
      <Filter>Header Files</Filter>
    </ClInclude>
    <ClInclude Include="x64dbg_pluginsdk\XEDParse\XEDParse.h">
      <Filter>Header Files</Filter>
    </ClInclude>
    <ClInclude Include="x64dbg_pluginsdk\_dbgfunctions.h">
      <Filter>Header Files</Filter>
    </ClInclude>
    <ClInclude Include="x64dbg_pluginsdk\_plugins.h">
      <Filter>Header Files</Filter>
    </ClInclude>
    <ClInclude Include="x64dbg_pluginsdk\_plugin_types.h">
      <Filter>Header Files</Filter>
    </ClInclude>
    <ClInclude Include="plugin_x64dbg.h">
      <Filter>Header Files</Filter>
    </ClInclude>
  </ItemGroup>
  <ItemGroup>
    <ResourceCompile Include="rsrc.rc">
      <Filter>Resource Files</Filter>
    </ResourceCompile>
    <ResourceCompile Include="raeditlib\RAEdit.Rc">
      <Filter>Resource Files</Filter>
    </ResourceCompile>
  </ItemGroup>
  <ItemGroup>
    <None Include="rsrc_files\icon.ico">
      <Filter>Resource Files</Filter>
    </None>
    <None Include="raeditlib\Res\Button.bmp">
      <Filter>Resource Files</Filter>
    </None>
    <None Include="raeditlib\Res\Bookmark.bmp">
      <Filter>Resource Files</Filter>
    </None>
    <None Include="raeditlib\Res\Linenumber.bmp">
      <Filter>Resource Files</Filter>
    </None>
    <None Include="raeditlib\Res\Expand.bmp">
      <Filter>Resource Files</Filter>
    </None>
    <None Include="raeditlib\Res\Collapse.bmp">
      <Filter>Resource Files</Filter>
    </None>
    <None Include="raeditlib\Res\Lock.bmp">
      <Filter>Resource Files</Filter>
    </None>
    <None Include="raeditlib\Res\SplitH.cur">
      <Filter>Resource Files</Filter>
    </None>
    <None Include="raeditlib\Res\Select.cur">
      <Filter>Resource Files</Filter>
    </None>
  </ItemGroup>
  <ItemGroup>
    <Image Include="rsrc_files\icon_x64dbg.png">
      <Filter>Resource Files</Filter>
    </Image>
  </ItemGroup>
</Project>